
Microsoft Visual Studio Solution File, Format Version 12.00
# Visual Studio Version 16
VisualStudioVersion = 16.0.30717.126
MinimumVisualStudioVersion = 10.0.40219.1
Project("{FAE04EC0-301F-11D3-BF4B-00C04F79EFBC}") = "SemVerUtil", "SemVerUtil\SemVerUtil.csproj", "{BA3A3467-9E01-4DDC-814F-9AADE5576385}"
EndProject
Global
	GlobalSection(SolutionConfigurationPlatforms) = preSolution
		Debug|Any CPU = Debug|Any CPU
		Release|Any CPU = Release|Any CPU
	EndGlobalSection
	GlobalSection(ProjectConfigurationPlatforms) = postSolution
		{BA3A3467-9E01-4DDC-814F-9AADE5576385}.Debug|Any CPU.ActiveCfg = Debug|Any CPU
		{BA3A3467-9E01-4DDC-814F-9AADE5576385}.Debug|Any CPU.Build.0 = Debug|Any CPU
		{BA3A3467-9E01-4DDC-814F-9AADE5576385}.Release|Any CPU.ActiveCfg = Release|Any CPU
		{BA3A3467-9E01-4DDC-814F-9AADE5576385}.Release|Any CPU.Build.0 = Release|Any CPU
	EndGlobalSection
	GlobalSection(SolutionProperties) = preSolution
		HideSolutionNode = FALSE
	EndGlobalSection
	GlobalSection(ExtensibilityGlobals) = postSolution
		SolutionGuid = {B9392967-EFEC-48B0-9CC8-06CBCDE4F67B}
	EndGlobalSection
EndGlobal
